
Microsoft Visual Studio Solution File, Format Version 12.00
# Visual Studio Version 17
VisualStudioVersion = 17.5.33414.496
MinimumVisualStudioVersion = 10.0.40219.1
Project("{FAE04EC0-301F-11D3-BF4B-00C04F79EFBC}") = "crud.console", "crud.console\crud.console.csproj", "{22DFC0BF-8AFE-44BD-94C5-1EBBE63B4571}"
EndProject
Project("{FAE04EC0-301F-11D3-BF4B-00C04F79EFBC}") = "crud.core", "crud.core\crud.core.csproj", "{8417D99A-7441-4119-A8C3-69B0E451C62F}"
EndProject
Project("{FAE04EC0-301F-11D3-BF4B-00C04F79EFBC}") = "crud.domain", "crud.dominio\crud.domain.csproj", "{36B4A17F-C05A-47E1-A4E5-BECD92B0B313}"
EndProject
Project("{FAE04EC0-301F-11D3-BF4B-00C04F79EFBC}") = "crud.infra", "crud.repository\crud.infra.csproj", "{9DE303E6-ADC1-4A61-B746-042554FAA0DF}"
EndProject
Global
	GlobalSection(SolutionConfigurationPlatforms) = preSolution
		Debug|Any CPU = Debug|Any CPU
		Release|Any CPU = Release|Any CPU
	EndGlobalSection
	GlobalSection(ProjectConfigurationPlatforms) = postSolution
		{22DFC0BF-8AFE-44BD-94C5-1EBBE63B4571}.Debug|Any CPU.ActiveCfg = Debug|Any CPU
		{22DFC0BF-8AFE-44BD-94C5-1EBBE63B4571}.Debug|Any CPU.Build.0 = Debug|Any CPU
		{22DFC0BF-8AFE-44BD-94C5-1EBBE63B4571}.Release|Any CPU.ActiveCfg = Release|Any CPU
		{22DFC0BF-8AFE-44BD-94C5-1EBBE63B4571}.Release|Any CPU.Build.0 = Release|Any CPU
		{8417D99A-7441-4119-A8C3-69B0E451C62F}.Debug|Any CPU.ActiveCfg = Debug|Any CPU
		{8417D99A-7441-4119-A8C3-69B0E451C62F}.Debug|Any CPU.Build.0 = Debug|Any CPU
		{8417D99A-7441-4119-A8C3-69B0E451C62F}.Release|Any CPU.ActiveCfg = Release|Any CPU
		{8417D99A-7441-4119-A8C3-69B0E451C62F}.Release|Any CPU.Build.0 = Release|Any CPU
		{36B4A17F-C05A-47E1-A4E5-BECD92B0B313}.Debug|Any CPU.ActiveCfg = Debug|Any CPU
		{36B4A17F-C05A-47E1-A4E5-BECD92B0B313}.Debug|Any CPU.Build.0 = Debug|Any CPU
		{36B4A17F-C05A-47E1-A4E5-BECD92B0B313}.Release|Any CPU.ActiveCfg = Release|Any CPU
		{36B4A17F-C05A-47E1-A4E5-BECD92B0B313}.Release|Any CPU.Build.0 = Release|Any CPU
		{9DE303E6-ADC1-4A61-B746-042554FAA0DF}.Debug|Any CPU.ActiveCfg = Debug|Any CPU
		{9DE303E6-ADC1-4A61-B746-042554FAA0DF}.Debug|Any CPU.Build.0 = Debug|Any CPU
		{9DE303E6-ADC1-4A61-B746-042554FAA0DF}.Release|Any CPU.ActiveCfg = Release|Any CPU
		{9DE303E6-ADC1-4A61-B746-042554FAA0DF}.Release|Any CPU.Build.0 = Release|Any CPU
	EndGlobalSection
	GlobalSection(SolutionProperties) = preSolution
		HideSolutionNode = FALSE
	EndGlobalSection
	GlobalSection(ExtensibilityGlobals) = postSolution
		SolutionGuid = {957ABB52-B465-4C96-AD44-0FA1E417CFD0}
	EndGlobalSection
EndGlobal
